
Microsoft Visual Studio Solution File, Format Version 12.00
# Visual Studio Version 17
VisualStudioVersion = 17.4.33213.308
MinimumVisualStudioVersion = 10.0.40219.1
Project("{FAE04EC0-301F-11D3-BF4B-00C04F79EFBC}") = "QuizzingApi", "QuizzingApi\QuizzingApi.csproj", "{BAAD45FC-C7AE-4CF0-8AB3-6D3F62CAF504}"
EndProject
Global
	GlobalSection(SolutionConfigurationPlatforms) = preSolution
		Debug|Any CPU = Debug|Any CPU
		Release|Any CPU = Release|Any CPU
	EndGlobalSection
	GlobalSection(ProjectConfigurationPlatforms) = postSolution
		{BAAD45FC-C7AE-4CF0-8AB3-6D3F62CAF504}.Debug|Any CPU.ActiveCfg = Debug|Any CPU
		{BAAD45FC-C7AE-4CF0-8AB3-6D3F62CAF504}.Debug|Any CPU.Build.0 = Debug|Any CPU
		{BAAD45FC-C7AE-4CF0-8AB3-6D3F62CAF504}.Release|Any CPU.ActiveCfg = Release|Any CPU
		{BAAD45FC-C7AE-4CF0-8AB3-6D3F62CAF504}.Release|Any CPU.Build.0 = Release|Any CPU
	EndGlobalSection
	GlobalSection(SolutionProperties) = preSolution
		HideSolutionNode = FALSE
	EndGlobalSection
	GlobalSection(ExtensibilityGlobals) = postSolution
		SolutionGuid = {ECEAE227-53D4-4D8C-BCF5-E4D1DCAE10E2}
	EndGlobalSection
EndGlobal
